
Microsoft Visual Studio Solution File, Format Version 12.00
# Visual Studio 14
VisualStudioVersion = 14.0.24720.0
MinimumVisualStudioVersion = 10.0.40219.1
Project("{FAE04EC0-301F-11D3-BF4B-00C04F79EFBC}") = "social_match_with_db", "social_match_with_db\social_match_with_db.csproj", "{5BECE552-093E-4725-A1F9-411CF1437F2F}"
EndProject
Global
	GlobalSection(SolutionConfigurationPlatforms) = preSolution
		Debug|Any CPU = Debug|Any CPU
		Release|Any CPU = Release|Any CPU
	EndGlobalSection
	GlobalSection(ProjectConfigurationPlatforms) = postSolution
		{5BECE552-093E-4725-A1F9-411CF1437F2F}.Debug|Any CPU.ActiveCfg = Debug|Any CPU
		{5BECE552-093E-4725-A1F9-411CF1437F2F}.Debug|Any CPU.Build.0 = Debug|Any CPU
		{5BECE552-093E-4725-A1F9-411CF1437F2F}.Release|Any CPU.ActiveCfg = Release|Any CPU
		{5BECE552-093E-4725-A1F9-411CF1437F2F}.Release|Any CPU.Build.0 = Release|Any CPU
	EndGlobalSection
	GlobalSection(SolutionProperties) = preSolution
		HideSolutionNode = FALSE
	EndGlobalSection
EndGlobal
